
Microsoft Visual Studio Solution File, Format Version 12.00
# Visual Studio Version 16
VisualStudioVersion = 16.0.29503.13
MinimumVisualStudioVersion = 10.0.40219.1
Project("{2150E333-8FDC-42A3-9474-1A3956D46DE8}") = "Nuget Libraries", "Nuget Libraries", "{330F21AB-FA4C-4F2D-9300-E64F4AFA027E}"
EndProject
Project("{2150E333-8FDC-42A3-9474-1A3956D46DE8}") = "Resources", "Resources", "{1FC89FCF-B935-488A-9FFC-9C230B3F1CEA}"
EndProject
Project("{9A19103F-16F7-4668-BE54-9A1E7A4F7556}") = "FhirStarter.R4.Detonator.DotNetCore3", "NugetLibraries\FhirStarter.R4.Detonator.DotNetCore3\FhirStarter.R4.Detonator.DotNetCore3.csproj", "{C237EF1E-0CF6-4DA1-B861-42788D525EF5}"
EndProject
Project("{9A19103F-16F7-4668-BE54-9A1E7A4F7556}") = "FhirStarter.R4.Instigator.DotNetCore3", "NugetLibraries\FhirStarter.R4.Instigator.DotNetCore3\FhirStarter.R4.Instigator.DotNetCore3.csproj", "{9556BFD8-2D00-4E7E-838F-F1595A5EC7E7}"
EndProject
Project("{9A19103F-16F7-4668-BE54-9A1E7A4F7556}") = "FhirStarter.R4.Twisted.DotNetCore3", "FhirStarter.R4.Twisted.DotNetCore3\FhirStarter.R4.Twisted.DotNetCore3.csproj", "{CB7E33F1-4FA7-4E39-BE7F-58435634108F}"
EndProject
Global
	GlobalSection(SolutionConfigurationPlatforms) = preSolution
		Debug|Any CPU = Debug|Any CPU
		Release|Any CPU = Release|Any CPU
	EndGlobalSection
	GlobalSection(ProjectConfigurationPlatforms) = postSolution
		{C237EF1E-0CF6-4DA1-B861-42788D525EF5}.Debug|Any CPU.ActiveCfg = Debug|Any CPU
		{C237EF1E-0CF6-4DA1-B861-42788D525EF5}.Debug|Any CPU.Build.0 = Debug|Any CPU
		{C237EF1E-0CF6-4DA1-B861-42788D525EF5}.Release|Any CPU.ActiveCfg = Release|Any CPU
		{C237EF1E-0CF6-4DA1-B861-42788D525EF5}.Release|Any CPU.Build.0 = Release|Any CPU
		{9556BFD8-2D00-4E7E-838F-F1595A5EC7E7}.Debug|Any CPU.ActiveCfg = Debug|Any CPU
		{9556BFD8-2D00-4E7E-838F-F1595A5EC7E7}.Debug|Any CPU.Build.0 = Debug|Any CPU
		{9556BFD8-2D00-4E7E-838F-F1595A5EC7E7}.Release|Any CPU.ActiveCfg = Release|Any CPU
		{9556BFD8-2D00-4E7E-838F-F1595A5EC7E7}.Release|Any CPU.Build.0 = Release|Any CPU
		{CB7E33F1-4FA7-4E39-BE7F-58435634108F}.Debug|Any CPU.ActiveCfg = Debug|Any CPU
		{CB7E33F1-4FA7-4E39-BE7F-58435634108F}.Debug|Any CPU.Build.0 = Debug|Any CPU
		{CB7E33F1-4FA7-4E39-BE7F-58435634108F}.Release|Any CPU.ActiveCfg = Release|Any CPU
		{CB7E33F1-4FA7-4E39-BE7F-58435634108F}.Release|Any CPU.Build.0 = Release|Any CPU
	EndGlobalSection
	GlobalSection(SolutionProperties) = preSolution
		HideSolutionNode = FALSE
	EndGlobalSection
	GlobalSection(NestedProjects) = preSolution
		{C237EF1E-0CF6-4DA1-B861-42788D525EF5} = {330F21AB-FA4C-4F2D-9300-E64F4AFA027E}
		{9556BFD8-2D00-4E7E-838F-F1595A5EC7E7} = {330F21AB-FA4C-4F2D-9300-E64F4AFA027E}
	EndGlobalSection
	GlobalSection(ExtensibilityGlobals) = postSolution
		SolutionGuid = {771356F9-D8D2-43DB-833C-FDD5BADE7B95}
	EndGlobalSection
EndGlobal
